# THIS IS AN AUTOGENERATED FILE. DO NOT EDIT THIS FILE DIRECTLY.
# yarn lockfile v1


"@modules/onboarding@file:./modules/onboarding":
  version "1.0.0"
  dependencies:
    react-native-app-intro-slider "^4.0.4"

"@modules/push-notifications@file:./modules/push-notifications/":
  version "1.0.0"

invariant@^2.2.2:
  version "2.2.4"
  resolved "https://registry.yarnpkg.com/invariant/-/invariant-2.2.4.tgz#610f3c92c9359ce1db616e538008d23ff35158e6"
  integrity sha512-phJfQVBuaJM5raOpJjSfkiD6BpbCE4Ns//LaXl6wGYtUBY83nWS6Rf9tXm2e8VaK60JEjYldbPif/A2B1C2gNA==
  dependencies:
    loose-envify "^1.0.0"

"js-tokens@^3.0.0 || ^4.0.0":
  version "4.0.0"
  resolved "https://registry.yarnpkg.com/js-tokens/-/js-tokens-4.0.0.tgz#19203fb59991df98e3a287050d4647cdeaf32499"
  integrity sha512-RdJUflcE3cUzKiMqQgsCu06FPu9UdIJO0beYbPhHN4k6apgJtifcoCtT9bcxOpYBtpD2kCM6Sbzg4CausW/PKQ==

loose-envify@^1.0.0:
  version "1.4.0"
  resolved "https://registry.yarnpkg.com/loose-envify/-/loose-envify-1.4.0.tgz#71ee51fa7be4caec1a63839f7e682d8132d30caf"
  integrity sha512-lyuxPGr/Wfhrlem2CL/UcnUc1zcqKAImBDzukY7Y5F/yQiNdko6+fRLevlw1HgMySw7f611UIY408EtxRSoK3Q==
  dependencies:
    js-tokens "^3.0.0 || ^4.0.0"

react-native-app-intro-slider@^4.0.4:
  version "4.0.4"
  resolved "https://registry.yarnpkg.com/react-native-app-intro-slider/-/react-native-app-intro-slider-4.0.4.tgz#fa5cda7057db62c448ac975ffd2ba0cff94cc8d8"
  integrity sha512-Zkjaol6X3BbZkHUpVDj2LjdidpS6rCgKi0fx80xgGKa0pHxBRd4swWTv2bHnnvu5k1/HXwYk0mY2TbK+2jHl5w==

react-native-onesignal@^4.0.3:
  version "4.1.1"
  resolved "https://registry.yarnpkg.com/react-native-onesignal/-/react-native-onesignal-4.1.1.tgz#c0e737eac020563f161c2da371b811fa3989e969"
  integrity sha512-Rc9LmnT9Hpbz4AxbILnWg8ElbErhftFi+eDW54NoEMi6n5uDodGn5kEQv1nEcP3ET0CmTDNYClB4n8M12X6NgQ==
  dependencies:
    invariant "^2.2.2"
